
Microsoft Visual Studio Solution File, Format Version 12.00
Project("{FAE04EC0-301F-11D3-BF4B-00C04F79EFBC}") = "EASV_PetShop.UI", "EASV_PetShop.UI\EASV_PetShop.UI.csproj", "{3A3F26F8-9986-45B2-BD96-ABA3AA2C0A34}"
EndProject
Project("{FAE04EC0-301F-11D3-BF4B-00C04F79EFBC}") = "EASV_PetShop.Core.Entity", "EASV_PetShop.Core.Entity\EASV_PetShop.Core.Entity.csproj", "{AC9B88CB-AB4D-45C7-9356-AF68F88F2FF4}"
EndProject
Project("{FAE04EC0-301F-11D3-BF4B-00C04F79EFBC}") = "EASV_PetShop.Core", "EASV_PetShop.Core\EASV_PetShop.Core.csproj", "{467155D9-D2CE-418A-9684-D0201DEEBBEB}"
EndProject
Project("{2150E333-8FDC-42A3-9474-1A3956D46DE8}") = "Core", "Core", "{BC64C992-1B0C-421B-AF9E-E7B2DA0F0243}"
EndProject
Project("{2150E333-8FDC-42A3-9474-1A3956D46DE8}") = "Infrastructure", "Infrastructure", "{AD8F7ABF-2784-4D5E-B2A6-196534DD1EDE}"
EndProject
Project("{2150E333-8FDC-42A3-9474-1A3956D46DE8}") = "UI", "UI", "{4E42E674-40C9-4D73-A5C8-A5BD5B647A8B}"
EndProject
Project("{FAE04EC0-301F-11D3-BF4B-00C04F79EFBC}") = "EASV_PetShop.Infrastructure.Static.Data", "EASV_PetShop.Infrastructure.Static.Data\EASV_PetShop.Infrastructure.Static.Data.csproj", "{2D9CA6A0-C472-4D02-B5A1-1F0C2C80D073}"
EndProject
Global
	GlobalSection(SolutionConfigurationPlatforms) = preSolution
		Debug|Any CPU = Debug|Any CPU
		Release|Any CPU = Release|Any CPU
	EndGlobalSection
	GlobalSection(ProjectConfigurationPlatforms) = postSolution
		{3A3F26F8-9986-45B2-BD96-ABA3AA2C0A34}.Debug|Any CPU.ActiveCfg = Debug|Any CPU
		{3A3F26F8-9986-45B2-BD96-ABA3AA2C0A34}.Debug|Any CPU.Build.0 = Debug|Any CPU
		{3A3F26F8-9986-45B2-BD96-ABA3AA2C0A34}.Release|Any CPU.ActiveCfg = Release|Any CPU
		{3A3F26F8-9986-45B2-BD96-ABA3AA2C0A34}.Release|Any CPU.Build.0 = Release|Any CPU
		{AC9B88CB-AB4D-45C7-9356-AF68F88F2FF4}.Debug|Any CPU.ActiveCfg = Debug|Any CPU
		{AC9B88CB-AB4D-45C7-9356-AF68F88F2FF4}.Debug|Any CPU.Build.0 = Debug|Any CPU
		{AC9B88CB-AB4D-45C7-9356-AF68F88F2FF4}.Release|Any CPU.ActiveCfg = Release|Any CPU
		{AC9B88CB-AB4D-45C7-9356-AF68F88F2FF4}.Release|Any CPU.Build.0 = Release|Any CPU
		{467155D9-D2CE-418A-9684-D0201DEEBBEB}.Debug|Any CPU.ActiveCfg = Debug|Any CPU
		{467155D9-D2CE-418A-9684-D0201DEEBBEB}.Debug|Any CPU.Build.0 = Debug|Any CPU
		{467155D9-D2CE-418A-9684-D0201DEEBBEB}.Release|Any CPU.ActiveCfg = Release|Any CPU
		{467155D9-D2CE-418A-9684-D0201DEEBBEB}.Release|Any CPU.Build.0 = Release|Any CPU
		{2D9CA6A0-C472-4D02-B5A1-1F0C2C80D073}.Debug|Any CPU.ActiveCfg = Debug|Any CPU
		{2D9CA6A0-C472-4D02-B5A1-1F0C2C80D073}.Debug|Any CPU.Build.0 = Debug|Any CPU
		{2D9CA6A0-C472-4D02-B5A1-1F0C2C80D073}.Release|Any CPU.ActiveCfg = Release|Any CPU
		{2D9CA6A0-C472-4D02-B5A1-1F0C2C80D073}.Release|Any CPU.Build.0 = Release|Any CPU
	EndGlobalSection
	GlobalSection(NestedProjects) = preSolution
		{467155D9-D2CE-418A-9684-D0201DEEBBEB} = {BC64C992-1B0C-421B-AF9E-E7B2DA0F0243}
		{AC9B88CB-AB4D-45C7-9356-AF68F88F2FF4} = {BC64C992-1B0C-421B-AF9E-E7B2DA0F0243}
		{3A3F26F8-9986-45B2-BD96-ABA3AA2C0A34} = {4E42E674-40C9-4D73-A5C8-A5BD5B647A8B}
		{2D9CA6A0-C472-4D02-B5A1-1F0C2C80D073} = {AD8F7ABF-2784-4D5E-B2A6-196534DD1EDE}
	EndGlobalSection
EndGlobal
